(setq el-get-lock-package-versions
      '((wanderlust :checksum "770d54fafb1a0a140b449e6132db22e70b4d6aa9")
        (semi :checksum "6b9c62a76f22caf1476c837ee1976eaf0eaf38e7")
        (flim :checksum "3510d32e5820b2c22b4e9c9f29177beea42c5bfb")
        (apel :checksum "339eb28ffae3165255a79de9b1fd362f43cd37c3")
        (yaml-mode :checksum "f378589912af8731428198ef57546c616d941df0")
        (zencoding-mode :checksum "58e42af182c98cb9941d27cd042d227fbf4e146c")
        (ddskk :checksum "4b69fa39539eec2c1cea5ba11ddf9cf20363a500")
        (markdown-mode :checksum "c81e26ff477d46f68bcf0c6397d5f5346d9b0129")
        (browse-kill-ring :checksum "c7df6c8f5fe1e82d17b23da6d43a038784721d10")
        (csharp-mode :checksum "628a4e2afa0e9c4672e8654c86240cb7f7bdf444")
        (magit-gitflow :checksum "a2b7b85134784317445faee13d647fb62401ea23")
        <<<<<<< variant A
        (magit :checksum "f7c8924ca85fa0671c3c4c54d5e1cbe6106f3e8d")
        (emacs-async :checksum "d395e92d2a12e8b944ccfcdc1330c8665a3187f5")
        >>>>>>> variant B
        (magit :checksum "6a4bb25b621b69b0ae564a572b89ed31e22f780d")
        (emacs-async :checksum "09a177c15bd3aafc57ba6a63ab093f640ffa2610")
        ======= end
        (with-editor :checksum "ee41302fea917eb113182bc1eb8d44de882233f8")
        (ediff-side-by-side :checksum "7de50ad95d5ff6ad2cf624578214eac16e96095f")
        <<<<<<< variant A
        (ag :checksum "2efb3ea5c3f3b4de79a6f21fa8dbcf90afb758f5")
        >>>>>>> variant B
        (ag :checksum "2718190a0202aa4ab02b1f1f3d6ba7b996b69d6d")
        ======= end
        (wgrep :checksum "4e9f3d9822acab2d353c858d33ddaebb629fbfe8")
        <<<<<<< variant A
        (dash :checksum "b4faa9397e06206b646f684a603e320f962674d1")
        >>>>>>> variant B
        (dash :checksum "524e6fe86ba240d4405d3de1c862921fb8085c8d")
        ======= end
        (s :checksum "fc395c8d5e6c14d5e0920ab80d4d5df007eed14a")
        (switch-window :checksum "c1bbe51573a19ff6adae8531bf20601e5da5f7db")
        (color-moccur :checksum "4f1c59ffd1ccc2ab1a171cd6b721e8cb9e002fb7")
        (eldoc-extension :checksum "a74cfbe05115afb18b671588b7f63d37d6b2b895")
        <<<<<<< variant A
        (c-eldoc :checksum "0899f497e98e285d7d2e9cf897e305587b4b0790")
        >>>>>>> variant B
        (c-eldoc :checksum "2232000692f6f891456fecf23c538d5b47302a60")
        ======= end
        (undo-tree :checksum "4cba00bb049cfaa2ee6821a9e347209a88a740b5")
        <<<<<<< variant A
        (company-mode :checksum "a197b072dc93dbad238f1dc70da01e3775ebfb56")
        >>>>>>> variant B
        (company-mode :checksum "a5289c533c7a5445b2add25b7bf784cfa0f1f23c")
        ======= end
        (auto-complete :checksum "2e83566ddfa758c69afe50b8a1c62a66f47471e3")
        (popup :checksum "80829dd46381754639fb764da11c67235fe63282")
        (fuzzy :checksum "534d723ad2e06322ff8d9bd0ba4863d243f698e7")
        (yascroll :checksum "f7743df1cf6d8e55607141d1ea5f50b562582c51")
        (fic-mode :checksum "8182f5be875fdefc5bd7142ab45adea89ac20705")
        (color-theme :checksum "047d6cb207fdef66b25343479ebe09a1ed3954b5")
        (init-loader :checksum "287da99eadfa3dd85492506db43d68324069b593")
        (with-eval-after-load-feature :checksum "0b38651a5f0dafdfe04bd0032eb5ff803e99460b")
        (el-get-lock :checksum "df8cfe55441695865a64b97946750b6413a40425")))
(setq el-get-lock-locked-packages 'nil)
(setq el-get-lock-unlocked-packages
      '(madhat2r-theme el-get))
