(setq el-get-lock-package-versions
      '((yaml-mode :checksum "f378589912af8731428198ef57546c616d941df0")
        (zencoding-mode :checksum "58e42af182c98cb9941d27cd042d227fbf4e146c")
        (ddskk :checksum "4b69fa39539eec2c1cea5ba11ddf9cf20363a500")
        (markdown-mode :checksum "c81e26ff477d46f68bcf0c6397d5f5346d9b0129")
        (browse-kill-ring :checksum "c7df6c8f5fe1e82d17b23da6d43a038784721d10")
        (csharp-mode :checksum "4516a18c0dd1797a2d1eb2ae3069c0e16efa14a7")
        (magit-gitflow :checksum "a2b7b85134784317445faee13d647fb62401ea23")
        (magit :checksum "6a4bb25b621b69b0ae564a572b89ed31e22f780d")
        (emacs-async :checksum "54977d6c596a295f7519a0da36407c3a3e055b36")
        (with-editor :checksum "ee41302fea917eb113182bc1eb8d44de882233f8")
        (ediff-side-by-side :checksum "7de50ad95d5ff6ad2cf624578214eac16e96095f")
        (ag :checksum "2427786228f13f5893a8513d4837d14d1a1b375f")
        (wgrep :checksum "4e9f3d9822acab2d353c858d33ddaebb629fbfe8")
        (dash :checksum "958e3fb62fd326d3743c0603b80d24ab85712c03")
        (s :checksum "fc395c8d5e6c14d5e0920ab80d4d5df007eed14a")
        (switch-window :checksum "c1bbe51573a19ff6adae8531bf20601e5da5f7db")
        (color-moccur :checksum "4f1c59ffd1ccc2ab1a171cd6b721e8cb9e002fb7")
        (eldoc-extension :checksum "a74cfbe05115afb18b671588b7f63d37d6b2b895")
        (c-eldoc :checksum "008a2e70cd690ff5689145e01086316002b237fb")
        (undo-tree :checksum "4cba00bb049cfaa2ee6821a9e347209a88a740b5")
        (company-mode :checksum "21357f6d6274420d0f4fda07841daf0853b4749c")
        (auto-complete :checksum "ed1abca79bf476287bdf55ed8f7e0af53e5fdbae")
        (popup :checksum "80829dd46381754639fb764da11c67235fe63282")
        (fuzzy :checksum "534d723ad2e06322ff8d9bd0ba4863d243f698e7")
        (yascroll :checksum "f7743df1cf6d8e55607141d1ea5f50b562582c51")
        (fic-mode :checksum "8182f5be875fdefc5bd7142ab45adea89ac20705")
        (color-theme :checksum "047d6cb207fdef66b25343479ebe09a1ed3954b5")
        (init-loader :checksum "287da99eadfa3dd85492506db43d68324069b593")
        (with-eval-after-load-feature :checksum "0b38651a5f0dafdfe04bd0032eb5ff803e99460b")
        (el-get-lock :checksum "df8cfe55441695865a64b97946750b6413a40425")))
(setq el-get-lock-locked-packages 'nil)
(setq el-get-lock-unlocked-packages
      '(madhat2r-theme zenburn-theme el-get))
